
Microsoft Visual Studio Solution File, Format Version 12.00
# Visual Studio Version 16
VisualStudioVersion = 16.0.31410.357
MinimumVisualStudioVersion = 10.0.40219.1
Project("{FAE04EC0-301F-11D3-BF4B-00C04F79EFBC}") = "XamarinAppExam.Android", "XamarinAppExam\XamarinAppExam.Android\XamarinAppExam.Android.csproj", "{AEA544FC-40B8-4892-A9FD-EC6FB7CC241E}"
EndProject
Project("{FAE04EC0-301F-11D3-BF4B-00C04F79EFBC}") = "XamarinAppExam", "XamarinAppExam\XamarinAppExam\XamarinAppExam.csproj", "{3D42E71B-DFBA-47BE-9DE3-F4BB88F09A92}"
EndProject
Global
	GlobalSection(SolutionConfigurationPlatforms) = preSolution
		Debug|Any CPU = Debug|Any CPU
		Release|Any CPU = Release|Any CPU
	EndGlobalSection
	GlobalSection(ProjectConfigurationPlatforms) = postSolution
		{AEA544FC-40B8-4892-A9FD-EC6FB7CC241E}.Debug|Any CPU.ActiveCfg = Debug|Any CPU
		{AEA544FC-40B8-4892-A9FD-EC6FB7CC241E}.Debug|Any CPU.Build.0 = Debug|Any CPU
		{AEA544FC-40B8-4892-A9FD-EC6FB7CC241E}.Debug|Any CPU.Deploy.0 = Debug|Any CPU
		{AEA544FC-40B8-4892-A9FD-EC6FB7CC241E}.Release|Any CPU.ActiveCfg = Release|Any CPU
		{AEA544FC-40B8-4892-A9FD-EC6FB7CC241E}.Release|Any CPU.Build.0 = Release|Any CPU
		{AEA544FC-40B8-4892-A9FD-EC6FB7CC241E}.Release|Any CPU.Deploy.0 = Release|Any CPU
		{3D42E71B-DFBA-47BE-9DE3-F4BB88F09A92}.Debug|Any CPU.ActiveCfg = Debug|Any CPU
		{3D42E71B-DFBA-47BE-9DE3-F4BB88F09A92}.Debug|Any CPU.Build.0 = Debug|Any CPU
		{3D42E71B-DFBA-47BE-9DE3-F4BB88F09A92}.Debug|Any CPU.Deploy.0 = Debug|Any CPU
		{3D42E71B-DFBA-47BE-9DE3-F4BB88F09A92}.Release|Any CPU.ActiveCfg = Release|Any CPU
		{3D42E71B-DFBA-47BE-9DE3-F4BB88F09A92}.Release|Any CPU.Build.0 = Release|Any CPU
		{3D42E71B-DFBA-47BE-9DE3-F4BB88F09A92}.Release|Any CPU.Deploy.0 = Release|Any CPU
	EndGlobalSection
	GlobalSection(SolutionProperties) = preSolution
		HideSolutionNode = FALSE
	EndGlobalSection
	GlobalSection(ExtensibilityGlobals) = postSolution
		SolutionGuid = {62D18ED3-3979-4BBB-BA82-18945512F28C}
	EndGlobalSection
EndGlobal
